# This file is automatically @generated by Cargo.
# It is not intended for manual editing.
version = 3

[[package]]
name = "calculus-of-unity"
version = "0.1.0"

[[package]]
name = "logic"
version = "0.1.0"

[[package]]
name = "unity-of-duality"
version = "0.1.0"
dependencies = [
 "calculus-of-unity",
 "logic",
]
