# This file is automatically @generated by Cargo.
# It is not intended for manual editing.
version = 3

[[package]]
name = "nonpolar"
version = "0.1.0"
dependencies = [
 "positive",
]

[[package]]
name = "positive"
version = "0.1.0"

[[package]]
name = "unity"
version = "0.1.0"
dependencies = [
 "nonpolar",
 "positive",
]
